
Microsoft Visual Studio Solution File, Format Version 12.00
# Visual Studio Version 16
VisualStudioVersion = 16.0.29709.97
MinimumVisualStudioVersion = 10.0.40219.1
Project("{FAE04EC0-301F-11D3-BF4B-00C04F79EFBC}") = "COMP - 2084 Lab2", "COMP - 2084 Lab2.csproj", "{CE360861-7C91-478F-A416-FE8766E73054}"
EndProject
Global
	GlobalSection(SolutionConfigurationPlatforms) = preSolution
		Debug|Any CPU = Debug|Any CPU
		Release|Any CPU = Release|Any CPU
	EndGlobalSection
	GlobalSection(ProjectConfigurationPlatforms) = postSolution
		{CE360861-7C91-478F-A416-FE8766E73054}.Debug|Any CPU.ActiveCfg = Debug|Any CPU
		{CE360861-7C91-478F-A416-FE8766E73054}.Debug|Any CPU.Build.0 = Debug|Any CPU
		{CE360861-7C91-478F-A416-FE8766E73054}.Release|Any CPU.ActiveCfg = Release|Any CPU
		{CE360861-7C91-478F-A416-FE8766E73054}.Release|Any CPU.Build.0 = Release|Any CPU
	EndGlobalSection
	GlobalSection(SolutionProperties) = preSolution
		HideSolutionNode = FALSE
	EndGlobalSection
	GlobalSection(ExtensibilityGlobals) = postSolution
		SolutionGuid = {18F07B90-91F9-49EA-8705-C60E8D72DF22}
	EndGlobalSection
EndGlobal
